// !$*UTF8*$!
{
	archiveVersion = 1;
	classes = {
	};
	objectVersion = 46;
	objects = {

/* Begin PBXBuildFile section */
		52363D071ED89A0D0075B957 /* FacebookLogin.swift in Sources */ = {isa = PBXBuildFile; fileRef = 52363D061ED89A0D0075B957 /* FacebookLogin.swift */; };
		523B8E3C1ECB46B0001F69B5 /* AppDelegate.swift in Sources */ = {isa = PBXBuildFile; fileRef = 523B8E3B1ECB46B0001F69B5 /* AppDelegate.swift */; };
		523B8E3E1ECB46B0001F69B5 /* ViewController.swift in Sources */ = {isa = PBXBuildFile; fileRef = 523B8E3D1ECB46B0001F69B5 /* ViewController.swift */; };
		523B8E411ECB46B0001F69B5 /* Main.storyboard in Resources */ = {isa = PBXBuildFile; fileRef = 523B8E3F1ECB46B0001F69B5 /* Main.storyboard */; };
		523B8E431ECB46B0001F69B5 /* Assets.xcassets in Resources */ = {isa = PBXBuildFile; fileRef = 523B8E421ECB46B0001F69B5 /* Assets.xcassets */; };
		523B8E461ECB46B0001F69B5 /* LaunchScreen.storyboard in Resources */ = {isa = PBXBuildFile; fileRef = 523B8E441ECB46B0001F69B5 /* LaunchScreen.storyboard */; };
		523EC76B1ED9400100B51ACB /* SwipeGesture.swift in Sources */ = {isa = PBXBuildFile; fileRef = 523EC76A1ED9400100B51ACB /* SwipeGesture.swift */; };
		523EC76D1ED9451B00B51ACB /* ProfileViewController.swift in Sources */ = {isa = PBXBuildFile; fileRef = 523EC76C1ED9451B00B51ACB /* ProfileViewController.swift */; };
		523EC76F1ED9488C00B51ACB /* loadWithCache.swift in Sources */ = {isa = PBXBuildFile; fileRef = 523EC76E1ED9488C00B51ACB /* loadWithCache.swift */; };
		52481EB41EDB217200CD5511 /* TinderCard.xib in Resources */ = {isa = PBXBuildFile; fileRef = 52481EB31EDB217200CD5511 /* TinderCard.xib */; };
		52481EB61EDB228500CD5511 /* TinderCard.swift in Sources */ = {isa = PBXBuildFile; fileRef = 52481EB51EDB228500CD5511 /* TinderCard.swift */; };
		52481EB81EDB268700CD5511 /* Users.swift in Sources */ = {isa = PBXBuildFile; fileRef = 52481EB71EDB268700CD5511 /* Users.swift */; };
		525BFA051ED7D72D00A2E103 /* GoogleService-Info.plist in Resources */ = {isa = PBXBuildFile; fileRef = 525BFA041ED7D72D00A2E103 /* GoogleService-Info.plist */; };
		525BFA0D1ED7E49700A2E103 /* OpeningViewController.swift in Sources */ = {isa = PBXBuildFile; fileRef = 525BFA0C1ED7E49700A2E103 /* OpeningViewController.swift */; };
		52B7131D1EDC5FE300DAE861 /* Chat.swift in Sources */ = {isa = PBXBuildFile; fileRef = 52B7131C1EDC5FE300DAE861 /* Chat.swift */; };
		52F3D2231EDC50D000471F52 /* ChatViewController.swift in Sources */ = {isa = PBXBuildFile; fileRef = 52F3D2221EDC50D000471F52 /* ChatViewController.swift */; };
		52F5CBA01ED9B909002B6B69 /* EditViewController.swift in Sources */ = {isa = PBXBuildFile; fileRef = 52F5CB9F1ED9B909002B6B69 /* EditViewController.swift */; };
		52F778811ED8521500427BB4 /* LoginViewController.swift in Sources */ = {isa = PBXBuildFile; fileRef = 52F778801ED8521500427BB4 /* LoginViewController.swift */; };
		AA8809B5F09CD1D4DBE5DAC0 /* Pods_TinderClone.framework in Frameworks */ = {isa = PBXBuildFile; fileRef = 37849BE78274A2005DBCE407 /* Pods_TinderClone.framework */; };
/* End PBXBuildFile section */

/* Begin PBXFileReference section */
		37849BE78274A2005DBCE407 /* Pods_TinderClone.framework */ = {isa = PBXFileReference; explicitFileType = wrapper.framework; includeInIndex = 0; path = Pods_TinderClone.framework; sourceTree = BUILT_PRODUCTS_DIR; };
		52363D051ED899A20075B957 /* TinderClone.entitlements */ = {isa = PBXFileReference; lastKnownFileType = text.plist.entitlements; path = TinderClone.entitlements; sourceTree = "<group>"; };
		52363D061ED89A0D0075B957 /* FacebookLogin.swift */ = {isa = PBXFileReference; fileEncoding = 4; lastKnownFileType = sourcecode.swift; path = FacebookLogin.swift; sourceTree = "<group>"; };
		523B8E381ECB46B0001F69B5 /* TinderClone.app */ = {isa = PBXFileReference; explicitFileType = wrapper.application; includeInIndex = 0; path = TinderClone.app; sourceTree = BUILT_PRODUCTS_DIR; };
		523B8E3B1ECB46B0001F69B5 /* AppDelegate.swift */ = {isa = PBXFileReference; lastKnownFileType = sourcecode.swift; path = AppDelegate.swift; sourceTree = "<group>"; };
		523B8E3D1ECB46B0001F69B5 /* ViewController.swift */ = {isa = PBXFileReference; lastKnownFileType = sourcecode.swift; path = ViewController.swift; sourceTree = "<group>"; };
		523B8E401ECB46B0001F69B5 /* Base */ = {isa = PBXFileReference; lastKnownFileType = file.storyboard; name = Base; path = Base.lproj/Main.storyboard; sourceTree = "<group>"; };
		523B8E421ECB46B0001F69B5 /* Assets.xcassets */ = {isa = PBXFileReference; lastKnownFileType = folder.assetcatalog; path = Assets.xcassets; sourceTree = "<group>"; };
		523B8E451ECB46B0001F69B5 /* Base */ = {isa = PBXFileReference; lastKnownFileType = file.storyboard; name = Base; path = Base.lproj/LaunchScreen.storyboard; sourceTree = "<group>"; };
		523B8E471ECB46B0001F69B5 /* Info.plist */ = {isa = PBXFileReference; lastKnownFileType = text.plist.xml; path = Info.plist; sourceTree = "<group>"; };
		523EC76A1ED9400100B51ACB /* SwipeGesture.swift */ = {isa = PBXFileReference; fileEncoding = 4; lastKnownFileType = sourcecode.swift; path = SwipeGesture.swift; sourceTree = "<group>"; };
		523EC76C1ED9451B00B51ACB /* ProfileViewController.swift */ = {isa = PBXFileReference; fileEncoding = 4; lastKnownFileType = sourcecode.swift; path = ProfileViewController.swift; sourceTree = "<group>"; };
		523EC76E1ED9488C00B51ACB /* loadWithCache.swift */ = {isa = PBXFileReference; fileEncoding = 4; lastKnownFileType = sourcecode.swift; path = loadWithCache.swift; sourceTree = "<group>"; };
		52481EB31EDB217200CD5511 /* TinderCard.xib */ = {isa = PBXFileReference; fileEncoding = 4; lastKnownFileType = file.xib; path = TinderCard.xib; sourceTree = "<group>"; };
		52481EB51EDB228500CD5511 /* TinderCard.swift */ = {isa = PBXFileReference; fileEncoding = 4; lastKnownFileType = sourcecode.swift; path = TinderCard.swift; sourceTree = "<group>"; };
		52481EB71EDB268700CD5511 /* Users.swift */ = {isa = PBXFileReference; fileEncoding = 4; lastKnownFileType = sourcecode.swift; path = Users.swift; sourceTree = "<group>"; };
		525BFA041ED7D72D00A2E103 /* GoogleService-Info.plist */ = {isa = PBXFileReference; fileEncoding = 4; lastKnownFileType = text.plist.xml; path = "GoogleService-Info.plist"; sourceTree = "<group>"; };
		525BFA0C1ED7E49700A2E103 /* OpeningViewController.swift */ = {isa = PBXFileReference; fileEncoding = 4; lastKnownFileType = sourcecode.swift; path = OpeningViewController.swift; sourceTree = "<group>"; };
		52B7131C1EDC5FE300DAE861 /* Chat.swift */ = {isa = PBXFileReference; fileEncoding = 4; lastKnownFileType = sourcecode.swift; path = Chat.swift; sourceTree = "<group>"; };
		52F3D2221EDC50D000471F52 /* ChatViewController.swift */ = {isa = PBXFileReference; fileEncoding = 4; lastKnownFileType = sourcecode.swift; path = ChatViewController.swift; sourceTree = "<group>"; };
		52F48CB31EDC314E008BDD08 /* CircularStd-Bold.otf */ = {isa = PBXFileReference; lastKnownFileType = file; path = "CircularStd-Bold.otf"; sourceTree = "<group>"; };
		52F5CB9F1ED9B909002B6B69 /* EditViewController.swift */ = {isa = PBXFileReference; fileEncoding = 4; lastKnownFileType = sourcecode.swift; path = EditViewController.swift; sourceTree = "<group>"; };
		52F778801ED8521500427BB4 /* LoginViewController.swift */ = {isa = PBXFileReference; fileEncoding = 4; lastKnownFileType = sourcecode.swift; path = LoginViewController.swift; sourceTree = "<group>"; };
		666703A048C52A2A7EC6E84C /* Pods-TinderClone.debug.xcconfig */ = {isa = PBXFileReference; includeInIndex = 1; lastKnownFileType = text.xcconfig; name = "Pods-TinderClone.debug.xcconfig"; path = "Pods/Target Support Files/Pods-TinderClone/Pods-TinderClone.debug.xcconfig"; sourceTree = "<group>"; };
		D4712FE3E41FE86F997BAC56 /* Pods-TinderClone.release.xcconfig */ = {isa = PBXFileReference; includeInIndex = 1; lastKnownFileType = text.xcconfig; name = "Pods-TinderClone.release.xcconfig"; path = "Pods/Target Support Files/Pods-TinderClone/Pods-TinderClone.release.xcconfig"; sourceTree = "<group>"; };
/* End PBXFileReference section */

/* Begin PBXFrameworksBuildPhase section */
		523B8E351ECB46AF001F69B5 /* Frameworks */ = {
			isa = PBXFrameworksBuildPhase;
			buildActionMask = 2147483647;
			files = (
				AA8809B5F09CD1D4DBE5DAC0 /* Pods_TinderClone.framework in Frameworks */,
			);
			runOnlyForDeploymentPostprocessing = 0;
		};
/* End PBXFrameworksBuildPhase section */

/* Begin PBXGroup section */
		523B8E2F1ECB46AF001F69B5 = {
			isa = PBXGroup;
			children = (
				523B8E3A1ECB46B0001F69B5 /* TinderClone */,
				523B8E391ECB46B0001F69B5 /* Products */,
				8668EF4896C6451753443EC2 /* Pods */,
				B6AE094A63566A1AA8D1C397 /* Frameworks */,
			);
			sourceTree = "<group>";
		};
		523B8E391ECB46B0001F69B5 /* Products */ = {
			isa = PBXGroup;
			children = (
				523B8E381ECB46B0001F69B5 /* TinderClone.app */,
			);
			name = Products;
			sourceTree = "<group>";
		};
		523B8E3A1ECB46B0001F69B5 /* TinderClone */ = {
			isa = PBXGroup;
			children = (
				52363D051ED899A20075B957 /* TinderClone.entitlements */,
				525BFA0B1ED7DDE800A2E103 /* Models */,
				525BFA081ED7D8E600A2E103 /* Controllers */,
				525BFA061ED7D8AC00A2E103 /* Interface */,
				525BFA071ED7D8CE00A2E103 /* Support */,
			);
			path = TinderClone;
			sourceTree = "<group>";
		};
		525BFA061ED7D8AC00A2E103 /* Interface */ = {
			isa = PBXGroup;
			children = (
				523B8E3F1ECB46B0001F69B5 /* Main.storyboard */,
				523B8E441ECB46B0001F69B5 /* LaunchScreen.storyboard */,
				52481EB31EDB217200CD5511 /* TinderCard.xib */,
			);
			name = Interface;
			sourceTree = "<group>";
		};
		525BFA071ED7D8CE00A2E103 /* Support */ = {
			isa = PBXGroup;
			children = (
				523B8E421ECB46B0001F69B5 /* Assets.xcassets */,
				523B8E3B1ECB46B0001F69B5 /* AppDelegate.swift */,
				525BFA041ED7D72D00A2E103 /* GoogleService-Info.plist */,
				52F48CB31EDC314E008BDD08 /* CircularStd-Bold.otf */,
				523B8E471ECB46B0001F69B5 /* Info.plist */,
			);
			name = Support;
			sourceTree = "<group>";
		};
		525BFA081ED7D8E600A2E103 /* Controllers */ = {
			isa = PBXGroup;
			children = (
				523B8E3D1ECB46B0001F69B5 /* ViewController.swift */,
				52F778801ED8521500427BB4 /* LoginViewController.swift */,
				525BFA0C1ED7E49700A2E103 /* OpeningViewController.swift */,
				523EC76C1ED9451B00B51ACB /* ProfileViewController.swift */,
				52F5CB9F1ED9B909002B6B69 /* EditViewController.swift */,
				52F3D2221EDC50D000471F52 /* ChatViewController.swift */,
			);
			name = Controllers;
			sourceTree = "<group>";
		};
		525BFA0B1ED7DDE800A2E103 /* Models */ = {
			isa = PBXGroup;
			children = (
				52363D061ED89A0D0075B957 /* FacebookLogin.swift */,
				52B7131C1EDC5FE300DAE861 /* Chat.swift */,
				523EC76A1ED9400100B51ACB /* SwipeGesture.swift */,
				523EC76E1ED9488C00B51ACB /* loadWithCache.swift */,
				52481EB51EDB228500CD5511 /* TinderCard.swift */,
				52481EB71EDB268700CD5511 /* Users.swift */,
			);
			name = Models;
			sourceTree = "<group>";
		};
		8668EF4896C6451753443EC2 /* Pods */ = {
			isa = PBXGroup;
			children = (
				666703A048C52A2A7EC6E84C /* Pods-TinderClone.debug.xcconfig */,
				D4712FE3E41FE86F997BAC56 /* Pods-TinderClone.release.xcconfig */,
			);
			name = Pods;
			sourceTree = "<group>";
		};
		B6AE094A63566A1AA8D1C397 /* Frameworks */ = {
			isa = PBXGroup;
			children = (
				37849BE78274A2005DBCE407 /* Pods_TinderClone.framework */,
			);
			name = Frameworks;
			sourceTree = "<group>";
		};
/* End PBXGroup section */

/* Begin PBXNativeTarget section */
		523B8E371ECB46AF001F69B5 /* TinderClone */ = {
			isa = PBXNativeTarget;
			buildConfigurationList = 523B8E4A1ECB46B0001F69B5 /* Build configuration list for PBXNativeTarget "TinderClone" */;
			buildPhases = (
				6135F6FCF80275050590305B /* [CP] Check Pods Manifest.lock */,
				523B8E341ECB46AF001F69B5 /* Sources */,
				523B8E351ECB46AF001F69B5 /* Frameworks */,
				523B8E361ECB46AF001F69B5 /* Resources */,
				6A6B5DF80C8B60A8A9ABB0E0 /* [CP] Embed Pods Frameworks */,
				518DBAA94CAA5D6C59029BAF /* [CP] Copy Pods Resources */,
			);
			buildRules = (
			);
			dependencies = (
			);
			name = TinderClone;
			productName = TinderClone;
			productReference = 523B8E381ECB46B0001F69B5 /* TinderClone.app */;
			productType = "com.apple.product-type.application";
		};
/* End PBXNativeTarget section */

/* Begin PBXProject section */
		523B8E301ECB46AF001F69B5 /* Project object */ = {
			isa = PBXProject;
			attributes = {
				LastSwiftUpdateCheck = 0820;
				LastUpgradeCheck = 0820;
				ORGANIZATIONNAME = Burst;
				TargetAttributes = {
					523B8E371ECB46AF001F69B5 = {
						CreatedOnToolsVersion = 8.2.1;
						DevelopmentTeam = XUN95V9WDZ;
						ProvisioningStyle = Automatic;
						SystemCapabilities = {
							com.apple.Keychain = {
								enabled = 0;
							};
						};
					};
				};
			};
			buildConfigurationList = 523B8E331ECB46AF001F69B5 /* Build configuration list for PBXProject "TinderClone" */;
			compatibilityVersion = "Xcode 3.2";
			developmentRegion = English;
			hasScannedForEncodings = 0;
			knownRegions = (
				en,
				Base,
			);
			mainGroup = 523B8E2F1ECB46AF001F69B5;
			productRefGroup = 523B8E391ECB46B0001F69B5 /* Products */;
			projectDirPath = "";
			projectRoot = "";
			targets = (
				523B8E371ECB46AF001F69B5 /* TinderClone */,
			);
		};
/* End PBXProject section */

/* Begin PBXResourcesBuildPhase section */
		523B8E361ECB46AF001F69B5 /* Resources */ = {
			isa = PBXResourcesBuildPhase;
			buildActionMask = 2147483647;
			files = (
				523B8E461ECB46B0001F69B5 /* LaunchScreen.storyboard in Resources */,
				52481EB41EDB217200CD5511 /* TinderCard.xib in Resources */,
				525BFA051ED7D72D00A2E103 /* GoogleService-Info.plist in Resources */,
				523B8E431ECB46B0001F69B5 /* Assets.xcassets in Resources */,
				523B8E411ECB46B0001F69B5 /* Main.storyboard in Resources */,
			);
			runOnlyForDeploymentPostprocessing = 0;
		};
/* End PBXResourcesBuildPhase section */

/* Begin PBXShellScriptBuildPhase section */
		518DBAA94CAA5D6C59029BAF /* [CP] Copy Pods Resources */ = {
			isa = PBXShellScriptBuildPhase;
			buildActionMask = 2147483647;
			files = (
			);
			inputPaths = (
			);
			name = "[CP] Copy Pods Resources";
			outputPaths = (
			);
			runOnlyForDeploymentPostprocessing = 0;
			shellPath = /bin/sh;
			shellScript = "\"${SRCROOT}/Pods/Target Support Files/Pods-TinderClone/Pods-TinderClone-resources.sh\"\n";
			showEnvVarsInLog = 0;
		};
		6135F6FCF80275050590305B /* [CP] Check Pods Manifest.lock */ = {
			isa = PBXShellScriptBuildPhase;
			buildActionMask = 2147483647;
			files = (
			);
			inputPaths = (
			);
			name = "[CP] Check Pods Manifest.lock";
			outputPaths = (
			);
			runOnlyForDeploymentPostprocessing = 0;
			shellPath = /bin/sh;
			shellScript = "diff \"${PODS_PODFILE_DIR_PATH}/Podfile.lock\" \"${PODS_ROOT}/Manifest.lock\" > /dev/null\nif [ $? != 0 ] ; then\n    # print error to STDERR\n    echo \"error: The sandbox is not in sync with the Podfile.lock. Run 'pod install' or update your CocoaPods installation.\" >&2\n    exit 1\nfi\n";
			showEnvVarsInLog = 0;
		};
		6A6B5DF80C8B60A8A9ABB0E0 /* [CP] Embed Pods Frameworks */ = {
			isa = PBXShellScriptBuildPhase;
			buildActionMask = 2147483647;
			files = (
			);
			inputPaths = (
			);
			name = "[CP] Embed Pods Frameworks";
			outputPaths = (
			);
			runOnlyForDeploymentPostprocessing = 0;
			shellPath = /bin/sh;
			shellScript = "\"${SRCROOT}/Pods/Target Support Files/Pods-TinderClone/Pods-TinderClone-frameworks.sh\"\n";
			showEnvVarsInLog = 0;
		};
/* End PBXShellScriptBuildPhase section */

/* Begin PBXSourcesBuildPhase section */
		523B8E341ECB46AF001F69B5 /* Sources */ = {
			isa = PBXSourcesBuildPhase;
			buildActionMask = 2147483647;
			files = (
				52B7131D1EDC5FE300DAE861 /* Chat.swift in Sources */,
				52F778811ED8521500427BB4 /* LoginViewController.swift in Sources */,
				525BFA0D1ED7E49700A2E103 /* OpeningViewController.swift in Sources */,
				523B8E3E1ECB46B0001F69B5 /* ViewController.swift in Sources */,
				52481EB61EDB228500CD5511 /* TinderCard.swift in Sources */,
				523B8E3C1ECB46B0001F69B5 /* AppDelegate.swift in Sources */,
				523EC76D1ED9451B00B51ACB /* ProfileViewController.swift in Sources */,
				523EC76B1ED9400100B51ACB /* SwipeGesture.swift in Sources */,
				523EC76F1ED9488C00B51ACB /* loadWithCache.swift in Sources */,
				52363D071ED89A0D0075B957 /* FacebookLogin.swift in Sources */,
				52481EB81EDB268700CD5511 /* Users.swift in Sources */,
				52F3D2231EDC50D000471F52 /* ChatViewController.swift in Sources */,
				52F5CBA01ED9B909002B6B69 /* EditViewController.swift in Sources */,
			);
			runOnlyForDeploymentPostprocessing = 0;
		};
/* End PBXSourcesBuildPhase section */

/* Begin PBXVariantGroup section */
		523B8E3F1ECB46B0001F69B5 /* Main.storyboard */ = {
			isa = PBXVariantGroup;
			children = (
				523B8E401ECB46B0001F69B5 /* Base */,
			);
			name = Main.storyboard;
			sourceTree = "<group>";
		};
		523B8E441ECB46B0001F69B5 /* LaunchScreen.storyboard */ = {
			isa = PBXVariantGroup;
			children = (
				523B8E451ECB46B0001F69B5 /* Base */,
			);
			name = LaunchScreen.storyboard;
			sourceTree = "<group>";
		};
/* End PBXVariantGroup section */

/* Begin XCBuildConfiguration section */
		523B8E481ECB46B0001F69B5 /* Debug */ = {
			isa = XCBuildConfiguration;
			buildSettings = {
				ALWAYS_SEARCH_USER_PATHS = NO;
				CLANG_ANALYZER_NONNULL = YES;
				CLANG_CXX_LANGUAGE_STANDARD = "gnu++0x";
				CLANG_CXX_LIBRARY = "libc++";
				CLANG_ENABLE_MODULES = YES;
				CLANG_ENABLE_OBJC_ARC = YES;
				CLANG_WARN_BOOL_CONVERSION = YES;
				CLANG_WARN_CONSTANT_CONVERSION = YES;
				CLANG_WARN_DIRECT_OBJC_ISA_USAGE = YES_ERROR;
				CLANG_WARN_DOCUMENTATION_COMMENTS = YES;
				CLANG_WARN_EMPTY_BODY = YES;
				CLANG_WARN_ENUM_CONVERSION = YES;
				CLANG_WARN_INFINITE_RECURSION = YES;
				CLANG_WARN_INT_CONVERSION = YES;
				CLANG_WARN_OBJC_ROOT_CLASS = YES_ERROR;
				CLANG_WARN_SUSPICIOUS_MOVE = YES;
				CLANG_WARN_UNREACHABLE_CODE = YES;
				CLANG_WARN__DUPLICATE_METHOD_MATCH = YES;
				"CODE_SIGN_IDENTITY[sdk=iphoneos*]" = "iPhone Developer";
				COPY_PHASE_STRIP = NO;
				DEBUG_INFORMATION_FORMAT = dwarf;
				ENABLE_STRICT_OBJC_MSGSEND = YES;
				ENABLE_TESTABILITY = YES;
				GCC_C_LANGUAGE_STANDARD = gnu99;
				GCC_DYNAMIC_NO_PIC = NO;
				GCC_NO_COMMON_BLOCKS = YES;
				GCC_OPTIMIZATION_LEVEL = 0;
				GCC_PREPROCESSOR_DEFINITIONS = (
					"DEBUG=1",
					"$(inherited)",
				);
				GCC_WARN_64_TO_32_BIT_CONVERSION = YES;
				GCC_WARN_ABOUT_RETURN_TYPE = YES_ERROR;
				GCC_WARN_UNDECLARED_SELECTOR = YES;
				GCC_WARN_UNINITIALIZED_AUTOS = YES_AGGRESSIVE;
				GCC_WARN_UNUSED_FUNCTION = YES;
				GCC_WARN_UNUSED_VARIABLE = YES;
				IPHONEOS_DEPLOYMENT_TARGET = 10.2;
				MTL_ENABLE_DEBUG_INFO = YES;
				ONLY_ACTIVE_ARCH = YES;
				SDKROOT = iphoneos;
				SWIFT_ACTIVE_COMPILATION_CONDITIONS = DEBUG;
				SWIFT_OPTIMIZATION_LEVEL = "-Onone";
				TARGETED_DEVICE_FAMILY = "1,2";
			};
			name = Debug;
		};
		523B8E491ECB46B0001F69B5 /* Release */ = {
			isa = XCBuildConfiguration;
			buildSettings = {
				ALWAYS_SEARCH_USER_PATHS = NO;
				CLANG_ANALYZER_NONNULL = YES;
				CLANG_CXX_LANGUAGE_STANDARD = "gnu++0x";
				CLANG_CXX_LIBRARY = "libc++";
				CLANG_ENABLE_MODULES = YES;
				CLANG_ENABLE_OBJC_ARC = YES;
				CLANG_WARN_BOOL_CONVERSION = YES;
				CLANG_WARN_CONSTANT_CONVERSION = YES;
				CLANG_WARN_DIRECT_OBJC_ISA_USAGE = YES_ERROR;
				CLANG_WARN_DOCUMENTATION_COMMENTS = YES;
				CLANG_WARN_EMPTY_BODY = YES;
				CLANG_WARN_ENUM_CONVERSION = YES;
				CLANG_WARN_INFINITE_RECURSION = YES;
				CLANG_WARN_INT_CONVERSION = YES;
				CLANG_WARN_OBJC_ROOT_CLASS = YES_ERROR;
				CLANG_WARN_SUSPICIOUS_MOVE = YES;
				CLANG_WARN_UNREACHABLE_CODE = YES;
				CLANG_WARN__DUPLICATE_METHOD_MATCH = YES;
				"CODE_SIGN_IDENTITY[sdk=iphoneos*]" = "iPhone Developer";
				COPY_PHASE_STRIP = NO;
				DEBUG_INFORMATION_FORMAT = "dwarf-with-dsym";
				ENABLE_NS_ASSERTIONS = NO;
				ENABLE_STRICT_OBJC_MSGSEND = YES;
				GCC_C_LANGUAGE_STANDARD = gnu99;
				GCC_NO_COMMON_BLOCKS = YES;
				GCC_WARN_64_TO_32_BIT_CONVERSION = YES;
				GCC_WARN_ABOUT_RETURN_TYPE = YES_ERROR;
				GCC_WARN_UNDECLARED_SELECTOR = YES;
				GCC_WARN_UNINITIALIZED_AUTOS = YES_AGGRESSIVE;
				GCC_WARN_UNUSED_FUNCTION = YES;
				GCC_WARN_UNUSED_VARIABLE = YES;
				IPHONEOS_DEPLOYMENT_TARGET = 10.2;
				MTL_ENABLE_DEBUG_INFO = NO;
				SDKROOT = iphoneos;
				SWIFT_OPTIMIZATION_LEVEL = "-Owholemodule";
				TARGETED_DEVICE_FAMILY = "1,2";
				VALIDATE_PRODUCT = YES;
			};
			name = Release;
		};
		523B8E4B1ECB46B0001F69B5 /* Debug */ = {
			isa = XCBuildConfiguration;
			baseConfigurationReference = 666703A048C52A2A7EC6E84C /* Pods-TinderClone.debug.xcconfig */;
			buildSettings = {
				ASSETCATALOG_COMPILER_APPICON_NAME = AppIcon;
				DEVELOPMENT_TEAM = XUN95V9WDZ;
				INFOPLIST_FILE = TinderClone/Info.plist;
				LD_RUNPATH_SEARCH_PATHS = "$(inherited) @executable_path/Frameworks";
				PRODUCT_BUNDLE_IDENTIFIER = com.Burst.TinderClone;
				PRODUCT_NAME = "$(TARGET_NAME)";
				SWIFT_VERSION = 3.0;
			};
			name = Debug;
		};
		523B8E4C1ECB46B0001F69B5 /* Release */ = {
			isa = XCBuildConfiguration;
			baseConfigurationReference = D4712FE3E41FE86F997BAC56 /* Pods-TinderClone.release.xcconfig */;
			buildSettings = {
				ASSETCATALOG_COMPILER_APPICON_NAME = AppIcon;
				DEVELOPMENT_TEAM = XUN95V9WDZ;
				INFOPLIST_FILE = TinderClone/Info.plist;
				LD_RUNPATH_SEARCH_PATHS = "$(inherited) @executable_path/Frameworks";
				PRODUCT_BUNDLE_IDENTIFIER = com.Burst.TinderClone;
				PRODUCT_NAME = "$(TARGET_NAME)";
				SWIFT_VERSION = 3.0;
			};
			name = Release;
		};
/* End XCBuildConfiguration section */

/* Begin XCConfigurationList section */
		523B8E331ECB46AF001F69B5 /* Build configuration list for PBXProject "TinderClone" */ = {
			isa = XCConfigurationList;
			buildConfigurations = (
				523B8E481ECB46B0001F69B5 /* Debug */,
				523B8E491ECB46B0001F69B5 /* Release */,
			);
			defaultConfigurationIsVisible = 0;
			defaultConfigurationName = Release;
		};
		523B8E4A1ECB46B0001F69B5 /* Build configuration list for PBXNativeTarget "TinderClone" */ = {
			isa = XCConfigurationList;
			buildConfigurations = (
				523B8E4B1ECB46B0001F69B5 /* Debug */,
				523B8E4C1ECB46B0001F69B5 /* Release */,
			);
			defaultConfigurationIsVisible = 0;
			defaultConfigurationName = Release;
		};
/* End XCConfigurationList section */
	};
	rootObject = 523B8E301ECB46AF001F69B5 /* Project object */;
}
